
Microsoft Visual Studio Solution File, Format Version 12.00
# Visual Studio Version 16
VisualStudioVersion = 16.0.29009.5
MinimumVisualStudioVersion = 10.0.40219.1
Project("{2150E333-8FDC-42A3-9474-1A3956D46DE8}") = "src", "src", "{BD2706C5-6C57-484D-89C8-A0CF5F8E3D19}"
EndProject
Project("{9A19103F-16F7-4668-BE54-9A1E7A4F7556}") = "Microsoft.IdentityModel.Internal.Json", "src\Microsoft.IdentityModel.Internal.Json\Microsoft.IdentityModel.Internal.Json.csproj", "{4A17D22B-3739-426D-9094-910F7A91A541}"
EndProject
Global
	GlobalSection(SolutionConfigurationPlatforms) = preSolution
		Debug|Any CPU = Debug|Any CPU
		Release|Any CPU = Release|Any CPU
	EndGlobalSection
	GlobalSection(ProjectConfigurationPlatforms) = postSolution
		{4A17D22B-3739-426D-9094-910F7A91A541}.Debug|Any CPU.ActiveCfg = Debug|Any CPU
		{4A17D22B-3739-426D-9094-910F7A91A541}.Debug|Any CPU.Build.0 = Debug|Any CPU
		{4A17D22B-3739-426D-9094-910F7A91A541}.Release|Any CPU.ActiveCfg = Release|Any CPU
		{4A17D22B-3739-426D-9094-910F7A91A541}.Release|Any CPU.Build.0 = Release|Any CPU
	EndGlobalSection
	GlobalSection(SolutionProperties) = preSolution
		HideSolutionNode = FALSE
	EndGlobalSection
	GlobalSection(NestedProjects) = preSolution
		{4A17D22B-3739-426D-9094-910F7A91A541} = {BD2706C5-6C57-484D-89C8-A0CF5F8E3D19}
	EndGlobalSection
	GlobalSection(ExtensibilityGlobals) = postSolution
		SolutionGuid = {2F681326-7ED4-45F6-BD1D-1119EA388F42}
	EndGlobalSection
EndGlobal
